{
  "name": "ocr",
  "version": "1.0.0",
  "lockfileVersion": 1,
  "requires": true,
  "dependencies": {
    "colo": {
      "version": "0.2.1",
      "resolved": "https://registry.npmjs.org/colo/-/colo-0.2.1.tgz",
      "integrity": "sha1-TdrGR1bdsGzCg1zVtcNj/qLMGzI=",
      "dev": true
    },
    "commander": {
      "version": "2.20.3",
      "resolved": "https://registry.npmjs.org/commander/-/commander-2.20.3.tgz",
      "integrity": "sha512-GpVkmM8vF2vQUkj2LvZmD35JxeJOLCwJ9cUkugyk2nuhbv3+mJvpLYYt+0+USMxE+oj+ey/lJEnhZw75x/OMcQ==",
      "dev": true
    },
    "ocrad.js": {
      "version": "0.0.1",
      "resolved": "https://registry.npmjs.org/ocrad.js/-/ocrad.js-0.0.1.tgz",
      "integrity": "sha1-zZqj5jFx68MVoOAQmzwCSypSJI4=",
      "dev": true
    },
    "okrabyte": {
      "version": "0.1.1",
      "resolved": "https://registry.npmjs.org/okrabyte/-/okrabyte-0.1.1.tgz",
      "integrity": "sha1-kEtH0fC+gW8YrRaoDNZk/Fp8UGU=",
      "dev": true,
      "requires": {
        "colo": "^0.2.0",
        "commander": "^2.5.1",
        "ocrad.js": "0.0.1",
        "pngjs": "^0.4.0",
        "simple-bufferstream": "0.0.4"
      }
    },
    "pngjs": {
      "version": "0.4.0",
      "resolved": "https://registry.npmjs.org/pngjs/-/pngjs-0.4.0.tgz",
      "integrity": "sha1-KUBxrcGytgv9SspNvkdZvM7m/Xc=",
      "dev": true
    },
    "simple-bufferstream": {
      "version": "0.0.4",
      "resolved": "https://registry.npmjs.org/simple-bufferstream/-/simple-bufferstream-0.0.4.tgz",
      "integrity": "sha1-FcpvRcxwVWzGtshDOSLX3Dvj+MU=",
      "dev": true
    }
  }
}
